
Microsoft Visual Studio Solution File, Format Version 12.00
# Visual Studio Version 17
VisualStudioVersion = 17.0.31903.59
MinimumVisualStudioVersion = 10.0.40219.1
Project("{FAE04EC0-301F-11D3-BF4B-00C04F79EFBC}") = "Restaurants.API", "Restaurants.API\Restaurants.API.csproj", "{B4969C91-06C1-4980-85B6-D848D7198939}"
EndProject
Global
	GlobalSection(SolutionConfigurationPlatforms) = preSolution
		Debug|Any CPU = Debug|Any CPU
		Release|Any CPU = Release|Any CPU
	EndGlobalSection
	GlobalSection(SolutionProperties) = preSolution
		HideSolutionNode = FALSE
	EndGlobalSection
	GlobalSection(ProjectConfigurationPlatforms) = postSolution
		{B4969C91-06C1-4980-85B6-D848D7198939}.Debug|Any CPU.ActiveCfg = Debug|Any CPU
		{B4969C91-06C1-4980-85B6-D848D7198939}.Debug|Any CPU.Build.0 = Debug|Any CPU
		{B4969C91-06C1-4980-85B6-D848D7198939}.Release|Any CPU.ActiveCfg = Release|Any CPU
		{B4969C91-06C1-4980-85B6-D848D7198939}.Release|Any CPU.Build.0 = Release|Any CPU
	EndGlobalSection
EndGlobal
